lockfileVersion: '9.0'

settings:
  autoInstallPeers: true
  excludeLinksFromLockfile: false

importers:

  .:
    dependencies:
      '@angular/cdk':
        specifier: ^18.0.0
        version: 18.2.12(@angular/common@18.2.11(@angular/core@18.2.11(rxjs@7.8.1)(zone.js@0.14.10))(rxjs@7.8.1))(@angular/core@18.2.11(rxjs@7.8.1)(zone.js@0.14.10))(rxjs@7.8.1)
      '@angular/common':
        specifier: ^18.0.0
        version: 18.2.11(@angular/core@18.2.11(rxjs@7.8.1)(zone.js@0.14.10))(rxjs@7.8.1)
      '@angular/core':
        specifier: ^18.0.0
        version: 18.2.11(rxjs@7.8.1)(zone.js@0.14.10)
      '@angular/forms':
        specifier: ^18.0.0
        version: 18.2.11(@angular/common@18.2.11(@angular/core@18.2.11(rxjs@7.8.1)(zone.js@0.14.10))(rxjs@7.8.1))(@angular/core@18.2.11(rxjs@7.8.1)(zone.js@0.14.10))(@angular/platform-browser@18.2.11(@angular/animations@18.2.11(@angular/core@18.2.11(rxjs@7.8.1)(zone.js@0.14.10)))(@angular/common@18.2.11(@angular/core@18.2.11(rxjs@7.8.1)(zone.js@0.14.10))(rxjs@7.8.1))(@angular/core@18.2.11(rxjs@7.8.1)(zone.js@0.14.10)))(rxjs@7.8.1)
      '@angular/material':
        specifier: ^18.0.0
        version: 18.2.12(scixn7vkvbu7ryjtjo3vkawzjm)
      '@angular/platform-browser':
        specifier: ^18.0.0
        version: 18.2.11(@angular/animations@18.2.11(@angular/core@18.2.11(rxjs@7.8.1)(zone.js@0.14.10)))(@angular/common@18.2.11(@angular/core@18.2.11(rxjs@7.8.1)(zone.js@0.14.10))(rxjs@7.8.1))(@angular/core@18.2.11(rxjs@7.8.1)(zone.js@0.14.10))

packages:

  '@angular/animations@18.2.11':
    resolution: {integrity: sha512-ghgXa2VhtyJJnTMuH2NYxCMsveQbZno44AZGygPqrcW8UQMQe9GulFaTXCH5s6/so2CLy2ZviIwSZQRgK0ZlDw==}
    engines: {node: ^18.19.1 || ^20.11.1 || >=22.0.0}
    peerDependencies:
      '@angular/core': 18.2.11

  '@angular/cdk@18.2.12':
    resolution: {integrity: sha512-FOklA6KatPtb0yO0doRhBI/UVY23A8ZhOSws5VuZTQl/6r/jXEXGV9n5JQj4rm8t/6IrReO55hdyw9XfHfZFjQ==}
    peerDependencies:
      '@angular/common': ^18.0.0 || ^19.0.0
      '@angular/core': ^18.0.0 || ^19.0.0
      rxjs: ^6.5.3 || ^7.4.0

  '@angular/common@18.2.11':
    resolution: {integrity: sha512-bamJeISl2zUlvjPYebQWazUjhjXU9nrot42cQJng94SkvNENT9LTWfPYgc+Bd972Kg+31jG4H41rgFNs7zySmw==}
    engines: {node: ^18.19.1 || ^20.11.1 || >=22.0.0}
    peerDependencies:
      '@angular/core': 18.2.11
      rxjs: ^6.5.3 || ^7.4.0

  '@angular/core@18.2.11':
    resolution: {integrity: sha512-/AGAFyZN8KR+kW5FUFCCBCj3qHyDDum7G0lJe5otrT9AqF6+g7PjF8yLha/6wPkJG7ri5xGLhini1sEivVeq/g==}
    engines: {node: ^18.19.1 || ^20.11.1 || >=22.0.0}
    peerDependencies:
      rxjs: ^6.5.3 || ^7.4.0
      zone.js: ~0.14.10

  '@angular/forms@18.2.11':
    resolution: {integrity: sha512-QjxayOxDTqsTJGBzfWd3nms1LZIXj2f1+wIPxxUNXyNS5ZaM7hBWkz2BTFYeewlD/HdNj0alNVCYK3M8ElLWYw==}
    engines: {node: ^18.19.1 || ^20.11.1 || >=22.0.0}
    peerDependencies:
      '@angular/common': 18.2.11
      '@angular/core': 18.2.11
      '@angular/platform-browser': 18.2.11
      rxjs: ^6.5.3 || ^7.4.0

  '@angular/material@18.2.12':
    resolution: {integrity: sha512-5q8Os6i3D1e3qN+RqP95UgIR+Kx3goncSSYDeT6yPNrdrcqcWdyDPXGK6UsZqTTx/CJee/I7ZxgVVK1YDoVASQ==}
    peerDependencies:
      '@angular/animations': ^18.0.0 || ^19.0.0
      '@angular/cdk': 18.2.12
      '@angular/common': ^18.0.0 || ^19.0.0
      '@angular/core': ^18.0.0 || ^19.0.0
      '@angular/forms': ^18.0.0 || ^19.0.0
      '@angular/platform-browser': ^18.0.0 || ^19.0.0
      rxjs: ^6.5.3 || ^7.4.0

  '@angular/platform-browser@18.2.11':
    resolution: {integrity: sha512-bzcP0QdPT/ncTxOx0t7901z5m0wDmkraTo/es4g8reV6VK9Ptv0QDuD8aDvrHh7sLCX5VgwDF9ohc6S2TpYUCA==}
    engines: {node: ^18.19.1 || ^20.11.1 || >=22.0.0}
    peerDependencies:
      '@angular/animations': 18.2.11
      '@angular/common': 18.2.11
      '@angular/core': 18.2.11
    peerDependenciesMeta:
      '@angular/animations':
        optional: true

  entities@4.5.0:
    resolution: {integrity: sha512-V0hjH4dGPh9Ao5p0MoRY6BVqtwCjhz6vI5LT8AJ55H+4g9/4vbHx1I54fS0XuclLhDHArPQCiMjDxjaL8fPxhw==}
    engines: {node: '>=0.12'}

  parse5@7.2.1:
    resolution: {integrity: sha512-BuBYQYlv1ckiPdQi/ohiivi9Sagc9JG+Ozs0r7b/0iK3sKmrb0b9FdWdBbOdx6hBCM/F9Ir82ofnBhtZOjCRPQ==}

  rxjs@7.8.1:
    resolution: {integrity: sha512-AA3TVj+0A2iuIoQkWEK/tqFjBq2j+6PO6Y0zJcvzLAFhEFIO3HL0vls9hWLncZbAAbK0mar7oZ4V079I/qPMxg==}

  tslib@2.8.1:
    resolution: {integrity: sha512-oJFu94HQb+KVduSUQL7wnpmqnfmLsOA/nAh6b6EH0wCEoK0/mPeXU6c3wKDV83MkOuHPRHtSXKKU99IBazS/2w==}

  zone.js@0.14.10:
    resolution: {integrity: sha512-YGAhaO7J5ywOXW6InXNlLmfU194F8lVgu7bRntUF3TiG8Y3nBK0x1UJJuHUP/e8IyihkjCYqhCScpSwnlaSRkQ==}

snapshots:

  '@angular/animations@18.2.11(@angular/core@18.2.11(rxjs@7.8.1)(zone.js@0.14.10))':
    dependencies:
      '@angular/core': 18.2.11(rxjs@7.8.1)(zone.js@0.14.10)
      tslib: 2.8.1

  '@angular/cdk@18.2.12(@angular/common@18.2.11(@angular/core@18.2.11(rxjs@7.8.1)(zone.js@0.14.10))(rxjs@7.8.1))(@angular/core@18.2.11(rxjs@7.8.1)(zone.js@0.14.10))(rxjs@7.8.1)':
    dependencies:
      '@angular/common': 18.2.11(@angular/core@18.2.11(rxjs@7.8.1)(zone.js@0.14.10))(rxjs@7.8.1)
      '@angular/core': 18.2.11(rxjs@7.8.1)(zone.js@0.14.10)
      rxjs: 7.8.1
      tslib: 2.8.1
    optionalDependencies:
      parse5: 7.2.1

  '@angular/common@18.2.11(@angular/core@18.2.11(rxjs@7.8.1)(zone.js@0.14.10))(rxjs@7.8.1)':
    dependencies:
      '@angular/core': 18.2.11(rxjs@7.8.1)(zone.js@0.14.10)
      rxjs: 7.8.1
      tslib: 2.8.1

  '@angular/core@18.2.11(rxjs@7.8.1)(zone.js@0.14.10)':
    dependencies:
      rxjs: 7.8.1
      tslib: 2.8.1
      zone.js: 0.14.10

  '@angular/forms@18.2.11(@angular/common@18.2.11(@angular/core@18.2.11(rxjs@7.8.1)(zone.js@0.14.10))(rxjs@7.8.1))(@angular/core@18.2.11(rxjs@7.8.1)(zone.js@0.14.10))(@angular/platform-browser@18.2.11(@angular/animations@18.2.11(@angular/core@18.2.11(rxjs@7.8.1)(zone.js@0.14.10)))(@angular/common@18.2.11(@angular/core@18.2.11(rxjs@7.8.1)(zone.js@0.14.10))(rxjs@7.8.1))(@angular/core@18.2.11(rxjs@7.8.1)(zone.js@0.14.10)))(rxjs@7.8.1)':
    dependencies:
      '@angular/common': 18.2.11(@angular/core@18.2.11(rxjs@7.8.1)(zone.js@0.14.10))(rxjs@7.8.1)
      '@angular/core': 18.2.11(rxjs@7.8.1)(zone.js@0.14.10)
      '@angular/platform-browser': 18.2.11(@angular/animations@18.2.11(@angular/core@18.2.11(rxjs@7.8.1)(zone.js@0.14.10)))(@angular/common@18.2.11(@angular/core@18.2.11(rxjs@7.8.1)(zone.js@0.14.10))(rxjs@7.8.1))(@angular/core@18.2.11(rxjs@7.8.1)(zone.js@0.14.10))
      rxjs: 7.8.1
      tslib: 2.8.1

  '@angular/material@18.2.12(scixn7vkvbu7ryjtjo3vkawzjm)':
    dependencies:
      '@angular/animations': 18.2.11(@angular/core@18.2.11(rxjs@7.8.1)(zone.js@0.14.10))
      '@angular/cdk': 18.2.12(@angular/common@18.2.11(@angular/core@18.2.11(rxjs@7.8.1)(zone.js@0.14.10))(rxjs@7.8.1))(@angular/core@18.2.11(rxjs@7.8.1)(zone.js@0.14.10))(rxjs@7.8.1)
      '@angular/common': 18.2.11(@angular/core@18.2.11(rxjs@7.8.1)(zone.js@0.14.10))(rxjs@7.8.1)
      '@angular/core': 18.2.11(rxjs@7.8.1)(zone.js@0.14.10)
      '@angular/forms': 18.2.11(@angular/common@18.2.11(@angular/core@18.2.11(rxjs@7.8.1)(zone.js@0.14.10))(rxjs@7.8.1))(@angular/core@18.2.11(rxjs@7.8.1)(zone.js@0.14.10))(@angular/platform-browser@18.2.11(@angular/animations@18.2.11(@angular/core@18.2.11(rxjs@7.8.1)(zone.js@0.14.10)))(@angular/common@18.2.11(@angular/core@18.2.11(rxjs@7.8.1)(zone.js@0.14.10))(rxjs@7.8.1))(@angular/core@18.2.11(rxjs@7.8.1)(zone.js@0.14.10)))(rxjs@7.8.1)
      '@angular/platform-browser': 18.2.11(@angular/animations@18.2.11(@angular/core@18.2.11(rxjs@7.8.1)(zone.js@0.14.10)))(@angular/common@18.2.11(@angular/core@18.2.11(rxjs@7.8.1)(zone.js@0.14.10))(rxjs@7.8.1))(@angular/core@18.2.11(rxjs@7.8.1)(zone.js@0.14.10))
      rxjs: 7.8.1
      tslib: 2.8.1

  '@angular/platform-browser@18.2.11(@angular/animations@18.2.11(@angular/core@18.2.11(rxjs@7.8.1)(zone.js@0.14.10)))(@angular/common@18.2.11(@angular/core@18.2.11(rxjs@7.8.1)(zone.js@0.14.10))(rxjs@7.8.1))(@angular/core@18.2.11(rxjs@7.8.1)(zone.js@0.14.10))':
    dependencies:
      '@angular/common': 18.2.11(@angular/core@18.2.11(rxjs@7.8.1)(zone.js@0.14.10))(rxjs@7.8.1)
      '@angular/core': 18.2.11(rxjs@7.8.1)(zone.js@0.14.10)
      tslib: 2.8.1
    optionalDependencies:
      '@angular/animations': 18.2.11(@angular/core@18.2.11(rxjs@7.8.1)(zone.js@0.14.10))

  entities@4.5.0:
    optional: true

  parse5@7.2.1:
    dependencies:
      entities: 4.5.0
    optional: true

  rxjs@7.8.1:
    dependencies:
      tslib: 2.8.1

  tslib@2.8.1: {}

  zone.js@0.14.10: {}
